
Microsoft Visual Studio Solution File, Format Version 12.00
# Visual Studio Version 16
VisualStudioVersion = 16.0.32407.337
MinimumVisualStudioVersion = 10.0.40219.1
Project("{FAE04EC0-301F-11D3-BF4B-00C04F79EFBC}") = "TestTaskApp", "TestTaskApp.csproj", "{D6383EA9-484A-45BE-AEB2-DA2A01D138C2}"
EndProject
Global
	GlobalSection(SolutionConfigurationPlatforms) = preSolution
		Debug|Any CPU = Debug|Any CPU
		Release|Any CPU = Release|Any CPU
	EndGlobalSection
	GlobalSection(ProjectConfigurationPlatforms) = postSolution
		{D6383EA9-484A-45BE-AEB2-DA2A01D138C2}.Debug|Any CPU.ActiveCfg = Debug|Any CPU
		{D6383EA9-484A-45BE-AEB2-DA2A01D138C2}.Debug|Any CPU.Build.0 = Debug|Any CPU
		{D6383EA9-484A-45BE-AEB2-DA2A01D138C2}.Release|Any CPU.ActiveCfg = Release|Any CPU
		{D6383EA9-484A-45BE-AEB2-DA2A01D138C2}.Release|Any CPU.Build.0 = Release|Any CPU
	EndGlobalSection
	GlobalSection(SolutionProperties) = preSolution
		HideSolutionNode = FALSE
	EndGlobalSection
	GlobalSection(ExtensibilityGlobals) = postSolution
		SolutionGuid = {AC94D941-CD94-408B-8D99-AF5F34595A55}
	EndGlobalSection
EndGlobal
